{
  "name": "gitmon",
  "version": "1.0.0",
  "lockfileVersion": 1,
  "requires": true,
  "dependencies": {
    "block-pow": {
      "version": "2.0.4",
      "resolved": "https://registry.npmjs.org/block-pow/-/block-pow-2.0.4.tgz",
      "integrity": "sha512-GhDGJ5sset5fS5edj/HTgyNXFUDub5VNB8k4UOrT8QFMdbkLHEqKC8o1pFRXpA6u0iON4bLsoWYG+v3jp76sfg=="
    }
  }
}
